// !$*UTF8*$!
{
	archiveVersion = 1;
	classes = {
	};
	objectVersion = 50;
	objects = {

/* Begin PBXBuildFile section */
		C1008A0121582E3800B5B253 /* AppDelegate.swift in Sources */ = {isa = PBXBuildFile; fileRef = C1008A0021582E3800B5B253 /* AppDelegate.swift */; };
		C1008A0321582E3800B5B253 /* ViewController.swift in Sources */ = {isa = PBXBuildFile; fileRef = C1008A0221582E3800B5B253 /* ViewController.swift */; };
		C1008A0621582E3800B5B253 /* Main.storyboard in Resources */ = {isa = PBXBuildFile; fileRef = C1008A0421582E3800B5B253 /* Main.storyboard */; };
		C1008A0821582E3900B5B253 /* Assets.xcassets in Resources */ = {isa = PBXBuildFile; fileRef = C1008A0721582E3900B5B253 /* Assets.xcassets */; };
		C1008A0B21582E3900B5B253 /* LaunchScreen.storyboard in Resources */ = {isa = PBXBuildFile; fileRef = C1008A0921582E3900B5B253 /* LaunchScreen.storyboard */; };
		C1008A1621582E3900B5B253 /* customNavBarButtonTests.swift in Sources */ = {isa = PBXBuildFile; fileRef = C1008A1521582E3900B5B253 /* customNavBarButtonTests.swift */; };
		C1CB545721582FD100520B8C /* CustomBarButtonView.swift in Sources */ = {isa = PBXBuildFile; fileRef = C1CB545621582FD100520B8C /* CustomBarButtonView.swift */; };
		C1CB545921582FE700520B8C /* CustomBarButtonView.xib in Resources */ = {isa = PBXBuildFile; fileRef = C1CB545821582FE700520B8C /* CustomBarButtonView.xib */; };
		C1CB545B2158328F00520B8C /* UIViewController+CustomNavBar.swift in Sources */ = {isa = PBXBuildFile; fileRef = C1CB545A2158328F00520B8C /* UIViewController+CustomNavBar.swift */; };
/* End PBXBuildFile section */

/* Begin PBXContainerItemProxy section */
		C1008A1221582E3900B5B253 /* PBXContainerItemProxy */ = {
			isa = PBXContainerItemProxy;
			containerPortal = C10089F521582E3800B5B253 /* Project object */;
			proxyType = 1;
			remoteGlobalIDString = C10089FC21582E3800B5B253;
			remoteInfo = customNavBarButton;
		};
/* End PBXContainerItemProxy section */

/* Begin PBXFileReference section */
		C10089FD21582E3800B5B253 /* customNavBarButton.app */ = {isa = PBXFileReference; explicitFileType = wrapper.application; includeInIndex = 0; path = customNavBarButton.app; sourceTree = BUILT_PRODUCTS_DIR; };
		C1008A0021582E3800B5B253 /* AppDelegate.swift */ = {isa = PBXFileReference; lastKnownFileType = sourcecode.swift; path = AppDelegate.swift; sourceTree = "<group>"; };
		C1008A0221582E3800B5B253 /* ViewController.swift */ = {isa = PBXFileReference; lastKnownFileType = sourcecode.swift; path = ViewController.swift; sourceTree = "<group>"; };
		C1008A0521582E3800B5B253 /* Base */ = {isa = PBXFileReference; lastKnownFileType = file.storyboard; name = Base; path = Base.lproj/Main.storyboard; sourceTree = "<group>"; };
		C1008A0721582E3900B5B253 /* Assets.xcassets */ = {isa = PBXFileReference; lastKnownFileType = folder.assetcatalog; path = Assets.xcassets; sourceTree = "<group>"; };
		C1008A0A21582E3900B5B253 /* Base */ = {isa = PBXFileReference; lastKnownFileType = file.storyboard; name = Base; path = Base.lproj/LaunchScreen.storyboard; sourceTree = "<group>"; };
		C1008A0C21582E3900B5B253 /* Info.plist */ = {isa = PBXFileReference; lastKnownFileType = text.plist.xml; path = Info.plist; sourceTree = "<group>"; };
		C1008A1121582E3900B5B253 /* customNavBarButtonTests.xctest */ = {isa = PBXFileReference; explicitFileType = wrapper.cfbundle; includeInIndex = 0; path = customNavBarButtonTests.xctest; sourceTree = BUILT_PRODUCTS_DIR; };
		C1008A1521582E3900B5B253 /* customNavBarButtonTests.swift */ = {isa = PBXFileReference; lastKnownFileType = sourcecode.swift; path = customNavBarButtonTests.swift; sourceTree = "<group>"; };
		C1008A1721582E3900B5B253 /* Info.plist */ = {isa = PBXFileReference; lastKnownFileType = text.plist.xml; path = Info.plist; sourceTree = "<group>"; };
		C1CB545621582FD100520B8C /* CustomBarButtonView.swift */ = {isa = PBXFileReference; lastKnownFileType = sourcecode.swift; path = CustomBarButtonView.swift; sourceTree = "<group>"; };
		C1CB545821582FE700520B8C /* CustomBarButtonView.xib */ = {isa = PBXFileReference; lastKnownFileType = file.xib; path = CustomBarButtonView.xib; sourceTree = "<group>"; };
		C1CB545A2158328F00520B8C /* UIViewController+CustomNavBar.swift */ = {isa = PBXFileReference; lastKnownFileType = sourcecode.swift; path = "UIViewController+CustomNavBar.swift"; sourceTree = "<group>"; };
/* End PBXFileReference section */

/* Begin PBXFrameworksBuildPhase section */
		C10089FA21582E3800B5B253 /* Frameworks */ = {
			isa = PBXFrameworksBuildPhase;
			buildActionMask = 2147483647;
			files = (
			);
			runOnlyForDeploymentPostprocessing = 0;
		};
		C1008A0E21582E3900B5B253 /* Frameworks */ = {
			isa = PBXFrameworksBuildPhase;
			buildActionMask = 2147483647;
			files = (
			);
			runOnlyForDeploymentPostprocessing = 0;
		};
/* End PBXFrameworksBuildPhase section */

/* Begin PBXGroup section */
		C10089F421582E3800B5B253 = {
			isa = PBXGroup;
			children = (
				C10089FF21582E3800B5B253 /* customNavBarButton */,
				C1008A1421582E3900B5B253 /* customNavBarButtonTests */,
				C10089FE21582E3800B5B253 /* Products */,
			);
			sourceTree = "<group>";
		};
		C10089FE21582E3800B5B253 /* Products */ = {
			isa = PBXGroup;
			children = (
				C10089FD21582E3800B5B253 /* customNavBarButton.app */,
				C1008A1121582E3900B5B253 /* customNavBarButtonTests.xctest */,
			);
			name = Products;
			sourceTree = "<group>";
		};
		C10089FF21582E3800B5B253 /* customNavBarButton */ = {
			isa = PBXGroup;
			children = (
				C1008A0021582E3800B5B253 /* AppDelegate.swift */,
				C1008A0221582E3800B5B253 /* ViewController.swift */,
				C1008A0421582E3800B5B253 /* Main.storyboard */,
				C1008A0721582E3900B5B253 /* Assets.xcassets */,
				C1008A0921582E3900B5B253 /* LaunchScreen.storyboard */,
				C1008A0C21582E3900B5B253 /* Info.plist */,
				C1CB545621582FD100520B8C /* CustomBarButtonView.swift */,
				C1CB545821582FE700520B8C /* CustomBarButtonView.xib */,
				C1CB545A2158328F00520B8C /* UIViewController+CustomNavBar.swift */,
			);
			path = customNavBarButton;
			sourceTree = "<group>";
		};
		C1008A1421582E3900B5B253 /* customNavBarButtonTests */ = {
			isa = PBXGroup;
			children = (
				C1008A1521582E3900B5B253 /* customNavBarButtonTests.swift */,
				C1008A1721582E3900B5B253 /* Info.plist */,
			);
			path = customNavBarButtonTests;
			sourceTree = "<group>";
		};
/* End PBXGroup section */

/* Begin PBXNativeTarget section */
		C10089FC21582E3800B5B253 /* customNavBarButton */ = {
			isa = PBXNativeTarget;
			buildConfigurationList = C1008A1A21582E3900B5B253 /* Build configuration list for PBXNativeTarget "customNavBarButton" */;
			buildPhases = (
				C10089F921582E3800B5B253 /* Sources */,
				C10089FA21582E3800B5B253 /* Frameworks */,
				C10089FB21582E3800B5B253 /* Resources */,
			);
			buildRules = (
			);
			dependencies = (
			);
			name = customNavBarButton;
			productName = customNavBarButton;
			productReference = C10089FD21582E3800B5B253 /* customNavBarButton.app */;
			productType = "com.apple.product-type.application";
		};
		C1008A1021582E3900B5B253 /* customNavBarButtonTests */ = {
			isa = PBXNativeTarget;
			buildConfigurationList = C1008A1D21582E3900B5B253 /* Build configuration list for PBXNativeTarget "customNavBarButtonTests" */;
			buildPhases = (
				C1008A0D21582E3900B5B253 /* Sources */,
				C1008A0E21582E3900B5B253 /* Frameworks */,
				C1008A0F21582E3900B5B253 /* Resources */,
			);
			buildRules = (
			);
			dependencies = (
				C1008A1321582E3900B5B253 /* PBXTargetDependency */,
			);
			name = customNavBarButtonTests;
			productName = customNavBarButtonTests;
			productReference = C1008A1121582E3900B5B253 /* customNavBarButtonTests.xctest */;
			productType = "com.apple.product-type.bundle.unit-test";
		};
/* End PBXNativeTarget section */

/* Begin PBXProject section */
		C10089F521582E3800B5B253 /* Project object */ = {
			isa = PBXProject;
			attributes = {
				LastSwiftUpdateCheck = 1000;
				LastUpgradeCheck = 1000;
				ORGANIZATIONNAME = "Fernando N. Frassia";
				TargetAttributes = {
					C10089FC21582E3800B5B253 = {
						CreatedOnToolsVersion = 10.0;
					};
					C1008A1021582E3900B5B253 = {
						CreatedOnToolsVersion = 10.0;
						TestTargetID = C10089FC21582E3800B5B253;
					};
				};
			};
			buildConfigurationList = C10089F821582E3800B5B253 /* Build configuration list for PBXProject "customNavBarButton" */;
			compatibilityVersion = "Xcode 9.3";
			developmentRegion = en;
			hasScannedForEncodings = 0;
			knownRegions = (
				en,
				Base,
			);
			mainGroup = C10089F421582E3800B5B253;
			productRefGroup = C10089FE21582E3800B5B253 /* Products */;
			projectDirPath = "";
			projectRoot = "";
			targets = (
				C10089FC21582E3800B5B253 /* customNavBarButton */,
				C1008A1021582E3900B5B253 /* customNavBarButtonTests */,
			);
		};
/* End PBXProject section */

/* Begin PBXResourcesBuildPhase section */
		C10089FB21582E3800B5B253 /* Resources */ = {
			isa = PBXResourcesBuildPhase;
			buildActionMask = 2147483647;
			files = (
				C1008A0B21582E3900B5B253 /* LaunchScreen.storyboard in Resources */,
				C1008A0821582E3900B5B253 /* Assets.xcassets in Resources */,
				C1008A0621582E3800B5B253 /* Main.storyboard in Resources */,
				C1CB545921582FE700520B8C /* CustomBarButtonView.xib in Resources */,
			);
			runOnlyForDeploymentPostprocessing = 0;
		};
		C1008A0F21582E3900B5B253 /* Resources */ = {
			isa = PBXResourcesBuildPhase;
			buildActionMask = 2147483647;
			files = (
			);
			runOnlyForDeploymentPostprocessing = 0;
		};
/* End PBXResourcesBuildPhase section */

/* Begin PBXSourcesBuildPhase section */
		C10089F921582E3800B5B253 /* Sources */ = {
			isa = PBXSourcesBuildPhase;
			buildActionMask = 2147483647;
			files = (
				C1008A0321582E3800B5B253 /* ViewController.swift in Sources */,
				C1CB545721582FD100520B8C /* CustomBarButtonView.swift in Sources */,
				C1008A0121582E3800B5B253 /* AppDelegate.swift in Sources */,
				C1CB545B2158328F00520B8C /* UIViewController+CustomNavBar.swift in Sources */,
			);
			runOnlyForDeploymentPostprocessing = 0;
		};
		C1008A0D21582E3900B5B253 /* Sources */ = {
			isa = PBXSourcesBuildPhase;
			buildActionMask = 2147483647;
			files = (
				C1008A1621582E3900B5B253 /* customNavBarButtonTests.swift in Sources */,
			);
			runOnlyForDeploymentPostprocessing = 0;
		};
/* End PBXSourcesBuildPhase section */

/* Begin PBXTargetDependency section */
		C1008A1321582E3900B5B253 /* PBXTargetDependency */ = {
			isa = PBXTargetDependency;
			target = C10089FC21582E3800B5B253 /* customNavBarButton */;
			targetProxy = C1008A1221582E3900B5B253 /* PBXContainerItemProxy */;
		};
/* End PBXTargetDependency section */

/* Begin PBXVariantGroup section */
		C1008A0421582E3800B5B253 /* Main.storyboard */ = {
			isa = PBXVariantGroup;
			children = (
				C1008A0521582E3800B5B253 /* Base */,
			);
			name = Main.storyboard;
			sourceTree = "<group>";
		};
		C1008A0921582E3900B5B253 /* LaunchScreen.storyboard */ = {
			isa = PBXVariantGroup;
			children = (
				C1008A0A21582E3900B5B253 /* Base */,
			);
			name = LaunchScreen.storyboard;
			sourceTree = "<group>";
		};
/* End PBXVariantGroup section */

/* Begin XCBuildConfiguration section */
		C1008A1821582E3900B5B253 /* Debug */ = {
			isa = XCBuildConfiguration;
			buildSettings = {
				ALWAYS_SEARCH_USER_PATHS = NO;
				CLANG_ANALYZER_NONNULL = YES;
				CLANG_ANALYZER_NUMBER_OBJECT_CONVERSION = YES_AGGRESSIVE;
				CLANG_CXX_LANGUAGE_STANDARD = "gnu++14";
				CLANG_CXX_LIBRARY = "libc++";
				CLANG_ENABLE_MODULES = YES;
				CLANG_ENABLE_OBJC_ARC = YES;
				CLANG_ENABLE_OBJC_WEAK = YES;
				CLANG_WARN_BLOCK_CAPTURE_AUTORELEASING = YES;
				CLANG_WARN_BOOL_CONVERSION = YES;
				CLANG_WARN_COMMA = YES;
				CLANG_WARN_CONSTANT_CONVERSION = YES;
				CLANG_WARN_DEPRECATED_OBJC_IMPLEMENTATIONS = YES;
				CLANG_WARN_DIRECT_OBJC_ISA_USAGE = YES_ERROR;
				CLANG_WARN_DOCUMENTATION_COMMENTS = YES;
				CLANG_WARN_EMPTY_BODY = YES;
				CLANG_WARN_ENUM_CONVERSION = YES;
				CLANG_WARN_INFINITE_RECURSION = YES;
				CLANG_WARN_INT_CONVERSION = YES;
				CLANG_WARN_NON_LITERAL_NULL_CONVERSION = YES;
				CLANG_WARN_OBJC_IMPLICIT_RETAIN_SELF = YES;
				CLANG_WARN_OBJC_LITERAL_CONVERSION = YES;
				CLANG_WARN_OBJC_ROOT_CLASS = YES_ERROR;
				CLANG_WARN_RANGE_LOOP_ANALYSIS = YES;
				CLANG_WARN_STRICT_PROTOTYPES = YES;
				CLANG_WARN_SUSPICIOUS_MOVE = YES;
				CLANG_WARN_UNGUARDED_AVAILABILITY = YES_AGGRESSIVE;
				CLANG_WARN_UNREACHABLE_CODE = YES;
				CLANG_WARN__DUPLICATE_METHOD_MATCH = YES;
				CODE_SIGN_IDENTITY = "iPhone Developer";
				COPY_PHASE_STRIP = NO;
				DEBUG_INFORMATION_FORMAT = dwarf;
				ENABLE_STRICT_OBJC_MSGSEND = YES;
				ENABLE_TESTABILITY = YES;
				GCC_C_LANGUAGE_STANDARD = gnu11;
				GCC_DYNAMIC_NO_PIC = NO;
				GCC_NO_COMMON_BLOCKS = YES;
				GCC_OPTIMIZATION_LEVEL = 0;
				GCC_PREPROCESSOR_DEFINITIONS = (
					"DEBUG=1",
					"$(inherited)",
				);
				GCC_WARN_64_TO_32_BIT_CONVERSION = YES;
				GCC_WARN_ABOUT_RETURN_TYPE = YES_ERROR;
				GCC_WARN_UNDECLARED_SELECTOR = YES;
				GCC_WARN_UNINITIALIZED_AUTOS = YES_AGGRESSIVE;
				GCC_WARN_UNUSED_FUNCTION = YES;
				GCC_WARN_UNUSED_VARIABLE = YES;
				IPHONEOS_DEPLOYMENT_TARGET = 12.0;
				MTL_ENABLE_DEBUG_INFO = INCLUDE_SOURCE;
				MTL_FAST_MATH = YES;
				ONLY_ACTIVE_ARCH = YES;
				SDKROOT = iphoneos;
				SWIFT_ACTIVE_COMPILATION_CONDITIONS = DEBUG;
				SWIFT_OPTIMIZATION_LEVEL = "-Onone";
			};
			name = Debug;
		};
		C1008A1921582E3900B5B253 /* Release */ = {
			isa = XCBuildConfiguration;
			buildSettings = {
				ALWAYS_SEARCH_USER_PATHS = NO;
				CLANG_ANALYZER_NONNULL = YES;
				CLANG_ANALYZER_NUMBER_OBJECT_CONVERSION = YES_AGGRESSIVE;
				CLANG_CXX_LANGUAGE_STANDARD = "gnu++14";
				CLANG_CXX_LIBRARY = "libc++";
				CLANG_ENABLE_MODULES = YES;
				CLANG_ENABLE_OBJC_ARC = YES;
				CLANG_ENABLE_OBJC_WEAK = YES;
				CLANG_WARN_BLOCK_CAPTURE_AUTORELEASING = YES;
				CLANG_WARN_BOOL_CONVERSION = YES;
				CLANG_WARN_COMMA = YES;
				CLANG_WARN_CONSTANT_CONVERSION = YES;
				CLANG_WARN_DEPRECATED_OBJC_IMPLEMENTATIONS = YES;
				CLANG_WARN_DIRECT_OBJC_ISA_USAGE = YES_ERROR;
				CLANG_WARN_DOCUMENTATION_COMMENTS = YES;
				CLANG_WARN_EMPTY_BODY = YES;
				CLANG_WARN_ENUM_CONVERSION = YES;
				CLANG_WARN_INFINITE_RECURSION = YES;
				CLANG_WARN_INT_CONVERSION = YES;
				CLANG_WARN_NON_LITERAL_NULL_CONVERSION = YES;
				CLANG_WARN_OBJC_IMPLICIT_RETAIN_SELF = YES;
				CLANG_WARN_OBJC_LITERAL_CONVERSION = YES;
				CLANG_WARN_OBJC_ROOT_CLASS = YES_ERROR;
				CLANG_WARN_RANGE_LOOP_ANALYSIS = YES;
				CLANG_WARN_STRICT_PROTOTYPES = YES;
				CLANG_WARN_SUSPICIOUS_MOVE = YES;
				CLANG_WARN_UNGUARDED_AVAILABILITY = YES_AGGRESSIVE;
				CLANG_WARN_UNREACHABLE_CODE = YES;
				CLANG_WARN__DUPLICATE_METHOD_MATCH = YES;
				CODE_SIGN_IDENTITY = "iPhone Developer";
				COPY_PHASE_STRIP = NO;
				DEBUG_INFORMATION_FORMAT = "dwarf-with-dsym";
				ENABLE_NS_ASSERTIONS = NO;
				ENABLE_STRICT_OBJC_MSGSEND = YES;
				GCC_C_LANGUAGE_STANDARD = gnu11;
				GCC_NO_COMMON_BLOCKS = YES;
				GCC_WARN_64_TO_32_BIT_CONVERSION = YES;
				GCC_WARN_ABOUT_RETURN_TYPE = YES_ERROR;
				GCC_WARN_UNDECLARED_SELECTOR = YES;
				GCC_WARN_UNINITIALIZED_AUTOS = YES_AGGRESSIVE;
				GCC_WARN_UNUSED_FUNCTION = YES;
				GCC_WARN_UNUSED_VARIABLE = YES;
				IPHONEOS_DEPLOYMENT_TARGET = 12.0;
				MTL_ENABLE_DEBUG_INFO = NO;
				MTL_FAST_MATH = YES;
				SDKROOT = iphoneos;
				SWIFT_COMPILATION_MODE = wholemodule;
				SWIFT_OPTIMIZATION_LEVEL = "-O";
				VALIDATE_PRODUCT = YES;
			};
			name = Release;
		};
		C1008A1B21582E3900B5B253 /* Debug */ = {
			isa = XCBuildConfiguration;
			buildSettings = {
				ASSETCATALOG_COMPILER_APPICON_NAME = AppIcon;
				CODE_SIGN_STYLE = Automatic;
				DEVELOPMENT_TEAM = 426MNF8EA3;
				INFOPLIST_FILE = customNavBarButton/Info.plist;
				LD_RUNPATH_SEARCH_PATHS = (
					"$(inherited)",
					"@executable_path/Frameworks",
				);
				PRODUCT_BUNDLE_IDENTIFIER = FerFrassia.customNavBarButton;
				PRODUCT_NAME = "$(TARGET_NAME)";
				SWIFT_VERSION = 4.2;
				TARGETED_DEVICE_FAMILY = "1,2";
			};
			name = Debug;
		};
		C1008A1C21582E3900B5B253 /* Release */ = {
			isa = XCBuildConfiguration;
			buildSettings = {
				ASSETCATALOG_COMPILER_APPICON_NAME = AppIcon;
				CODE_SIGN_STYLE = Automatic;
				DEVELOPMENT_TEAM = 426MNF8EA3;
				INFOPLIST_FILE = customNavBarButton/Info.plist;
				LD_RUNPATH_SEARCH_PATHS = (
					"$(inherited)",
					"@executable_path/Frameworks",
				);
				PRODUCT_BUNDLE_IDENTIFIER = FerFrassia.customNavBarButton;
				PRODUCT_NAME = "$(TARGET_NAME)";
				SWIFT_VERSION = 4.2;
				TARGETED_DEVICE_FAMILY = "1,2";
			};
			name = Release;
		};
		C1008A1E21582E3900B5B253 /* Debug */ = {
			isa = XCBuildConfiguration;
			buildSettings = {
				ALWAYS_EMBED_SWIFT_STANDARD_LIBRARIES = YES;
				BUNDLE_LOADER = "$(TEST_HOST)";
				CODE_SIGN_STYLE = Automatic;
				DEVELOPMENT_TEAM = 426MNF8EA3;
				INFOPLIST_FILE = customNavBarButtonTests/Info.plist;
				LD_RUNPATH_SEARCH_PATHS = (
					"$(inherited)",
					"@executable_path/Frameworks",
					"@loader_path/Frameworks",
				);
				PRODUCT_BUNDLE_IDENTIFIER = FerFrassia.customNavBarButtonTests;
				PRODUCT_NAME = "$(TARGET_NAME)";
				SWIFT_VERSION = 4.2;
				TARGETED_DEVICE_FAMILY = "1,2";
				TEST_HOST = "$(BUILT_PRODUCTS_DIR)/customNavBarButton.app/customNavBarButton";
			};
			name = Debug;
		};
		C1008A1F21582E3900B5B253 /* Release */ = {
			isa = XCBuildConfiguration;
			buildSettings = {
				ALWAYS_EMBED_SWIFT_STANDARD_LIBRARIES = YES;
				BUNDLE_LOADER = "$(TEST_HOST)";
				CODE_SIGN_STYLE = Automatic;
				DEVELOPMENT_TEAM = 426MNF8EA3;
				INFOPLIST_FILE = customNavBarButtonTests/Info.plist;
				LD_RUNPATH_SEARCH_PATHS = (
					"$(inherited)",
					"@executable_path/Frameworks",
					"@loader_path/Frameworks",
				);
				PRODUCT_BUNDLE_IDENTIFIER = FerFrassia.customNavBarButtonTests;
				PRODUCT_NAME = "$(TARGET_NAME)";
				SWIFT_VERSION = 4.2;
				TARGETED_DEVICE_FAMILY = "1,2";
				TEST_HOST = "$(BUILT_PRODUCTS_DIR)/customNavBarButton.app/customNavBarButton";
			};
			name = Release;
		};
/* End XCBuildConfiguration section */

/* Begin XCConfigurationList section */
		C10089F821582E3800B5B253 /* Build configuration list for PBXProject "customNavBarButton" */ = {
			isa = XCConfigurationList;
			buildConfigurations = (
				C1008A1821582E3900B5B253 /* Debug */,
				C1008A1921582E3900B5B253 /* Release */,
			);
			defaultConfigurationIsVisible = 0;
			defaultConfigurationName = Release;
		};
		C1008A1A21582E3900B5B253 /* Build configuration list for PBXNativeTarget "customNavBarButton" */ = {
			isa = XCConfigurationList;
			buildConfigurations = (
				C1008A1B21582E3900B5B253 /* Debug */,
				C1008A1C21582E3900B5B253 /* Release */,
			);
			defaultConfigurationIsVisible = 0;
			defaultConfigurationName = Release;
		};
		C1008A1D21582E3900B5B253 /* Build configuration list for PBXNativeTarget "customNavBarButtonTests" */ = {
			isa = XCConfigurationList;
			buildConfigurations = (
				C1008A1E21582E3900B5B253 /* Debug */,
				C1008A1F21582E3900B5B253 /* Release */,
			);
			defaultConfigurationIsVisible = 0;
			defaultConfigurationName = Release;
		};
/* End XCConfigurationList section */
	};
	rootObject = C10089F521582E3800B5B253 /* Project object */;
}
