// !$*UTF8*$!
{
	archiveVersion = 1;
	classes = {
	};
	objectVersion = 50;
	objects = {

/* Begin PBXBuildFile section */
		C12AED742137D6B5002AD8CF /* minorStructs.swift in Sources */ = {isa = PBXBuildFile; fileRef = C12AED732137D6B5002AD8CF /* minorStructs.swift */; };
		C1407FCD20A90A2300671FCB /* AppDelegate.swift in Sources */ = {isa = PBXBuildFile; fileRef = C1407FCC20A90A2300671FCB /* AppDelegate.swift */; };
		C1407FCF20A90A2300671FCB /* PlayViewController.swift in Sources */ = {isa = PBXBuildFile; fileRef = C1407FCE20A90A2300671FCB /* PlayViewController.swift */; };
		C1407FD220A90A2300671FCB /* Main.storyboard in Resources */ = {isa = PBXBuildFile; fileRef = C1407FD020A90A2300671FCB /* Main.storyboard */; };
		C1407FD420A90A2500671FCB /* Assets.xcassets in Resources */ = {isa = PBXBuildFile; fileRef = C1407FD320A90A2500671FCB /* Assets.xcassets */; };
		C1407FD720A90A2500671FCB /* LaunchScreen.storyboard in Resources */ = {isa = PBXBuildFile; fileRef = C1407FD520A90A2500671FCB /* LaunchScreen.storyboard */; };
		C1407FE220A90A2500671FCB /* notTinderTests.swift in Sources */ = {isa = PBXBuildFile; fileRef = C1407FE120A90A2500671FCB /* notTinderTests.swift */; };
		C170F82D213A63960003D825 /* ChatTableViewCell.swift in Sources */ = {isa = PBXBuildFile; fileRef = C170F82B213A63960003D825 /* ChatTableViewCell.swift */; };
		C170F82E213A63960003D825 /* ChatTableViewCell.xib in Resources */ = {isa = PBXBuildFile; fileRef = C170F82C213A63960003D825 /* ChatTableViewCell.xib */; };
		C170F836213A65680003D825 /* cellConstants.swift in Sources */ = {isa = PBXBuildFile; fileRef = C170F835213A65680003D825 /* cellConstants.swift */; };
		C171CBDE2137C450000A0039 /* ChatViewController.swift in Sources */ = {isa = PBXBuildFile; fileRef = C171CBDD2137C450000A0039 /* ChatViewController.swift */; };
		C171CBE22137CE46000A0039 /* Queue.swift in Sources */ = {isa = PBXBuildFile; fileRef = C171CBE12137CE46000A0039 /* Queue.swift */; };
/* End PBXBuildFile section */

/* Begin PBXContainerItemProxy section */
		C1407FDE20A90A2500671FCB /* PBXContainerItemProxy */ = {
			isa = PBXContainerItemProxy;
			containerPortal = C1407FC120A90A2300671FCB /* Project object */;
			proxyType = 1;
			remoteGlobalIDString = C1407FC820A90A2300671FCB;
			remoteInfo = notTinder;
		};
/* End PBXContainerItemProxy section */

/* Begin PBXFileReference section */
		C12AED732137D6B5002AD8CF /* minorStructs.swift */ = {isa = PBXFileReference; lastKnownFileType = sourcecode.swift; path = minorStructs.swift; sourceTree = "<group>"; };
		C1407FC920A90A2300671FCB /* notTinder.app */ = {isa = PBXFileReference; explicitFileType = wrapper.application; includeInIndex = 0; path = notTinder.app; sourceTree = BUILT_PRODUCTS_DIR; };
		C1407FCC20A90A2300671FCB /* AppDelegate.swift */ = {isa = PBXFileReference; lastKnownFileType = sourcecode.swift; path = AppDelegate.swift; sourceTree = "<group>"; };
		C1407FCE20A90A2300671FCB /* PlayViewController.swift */ = {isa = PBXFileReference; lastKnownFileType = sourcecode.swift; path = PlayViewController.swift; sourceTree = "<group>"; };
		C1407FD120A90A2300671FCB /* Base */ = {isa = PBXFileReference; lastKnownFileType = file.storyboard; name = Base; path = Base.lproj/Main.storyboard; sourceTree = "<group>"; };
		C1407FD320A90A2500671FCB /* Assets.xcassets */ = {isa = PBXFileReference; lastKnownFileType = folder.assetcatalog; path = Assets.xcassets; sourceTree = "<group>"; };
		C1407FD620A90A2500671FCB /* Base */ = {isa = PBXFileReference; lastKnownFileType = file.storyboard; name = Base; path = Base.lproj/LaunchScreen.storyboard; sourceTree = "<group>"; };
		C1407FD820A90A2500671FCB /* Info.plist */ = {isa = PBXFileReference; lastKnownFileType = text.plist.xml; path = Info.plist; sourceTree = "<group>"; };
		C1407FDD20A90A2500671FCB /* notTinderTests.xctest */ = {isa = PBXFileReference; explicitFileType = wrapper.cfbundle; includeInIndex = 0; path = notTinderTests.xctest; sourceTree = BUILT_PRODUCTS_DIR; };
		C1407FE120A90A2500671FCB /* notTinderTests.swift */ = {isa = PBXFileReference; lastKnownFileType = sourcecode.swift; path = notTinderTests.swift; sourceTree = "<group>"; };
		C1407FE320A90A2500671FCB /* Info.plist */ = {isa = PBXFileReference; lastKnownFileType = text.plist.xml; path = Info.plist; sourceTree = "<group>"; };
		C170F82B213A63960003D825 /* ChatTableViewCell.swift */ = {isa = PBXFileReference; lastKnownFileType = sourcecode.swift; path = ChatTableViewCell.swift; sourceTree = "<group>"; };
		C170F82C213A63960003D825 /* ChatTableViewCell.xib */ = {isa = PBXFileReference; lastKnownFileType = file.xib; path = ChatTableViewCell.xib; sourceTree = "<group>"; };
		C170F835213A65680003D825 /* cellConstants.swift */ = {isa = PBXFileReference; lastKnownFileType = sourcecode.swift; path = cellConstants.swift; sourceTree = "<group>"; };
		C171CBDD2137C450000A0039 /* ChatViewController.swift */ = {isa = PBXFileReference; lastKnownFileType = sourcecode.swift; path = ChatViewController.swift; sourceTree = "<group>"; };
		C171CBE12137CE46000A0039 /* Queue.swift */ = {isa = PBXFileReference; lastKnownFileType = sourcecode.swift; path = Queue.swift; sourceTree = "<group>"; };
/* End PBXFileReference section */

/* Begin PBXFrameworksBuildPhase section */
		C1407FC620A90A2300671FCB /* Frameworks */ = {
			isa = PBXFrameworksBuildPhase;
			buildActionMask = 2147483647;
			files = (
			);
			runOnlyForDeploymentPostprocessing = 0;
		};
		C1407FDA20A90A2500671FCB /* Frameworks */ = {
			isa = PBXFrameworksBuildPhase;
			buildActionMask = 2147483647;
			files = (
			);
			runOnlyForDeploymentPostprocessing = 0;
		};
/* End PBXFrameworksBuildPhase section */

/* Begin PBXGroup section */
		C1407FC020A90A2300671FCB = {
			isa = PBXGroup;
			children = (
				C1407FCB20A90A2300671FCB /* notTinder */,
				C1407FE020A90A2500671FCB /* notTinderTests */,
				C1407FCA20A90A2300671FCB /* Products */,
			);
			sourceTree = "<group>";
		};
		C1407FCA20A90A2300671FCB /* Products */ = {
			isa = PBXGroup;
			children = (
				C1407FC920A90A2300671FCB /* notTinder.app */,
				C1407FDD20A90A2500671FCB /* notTinderTests.xctest */,
			);
			name = Products;
			sourceTree = "<group>";
		};
		C1407FCB20A90A2300671FCB /* notTinder */ = {
			isa = PBXGroup;
			children = (
				C1407FD820A90A2500671FCB /* Info.plist */,
				C170F834213A654B0003D825 /* Constants */,
				C170F833213A63E80003D825 /* Storyboards */,
				C170F832213A63D40003D825 /* Structs */,
				C170F831213A63B10003D825 /* Aux */,
				C170F830213A63A20003D825 /* Play */,
				C170F82F213A639D0003D825 /* Chat */,
			);
			path = notTinder;
			sourceTree = "<group>";
		};
		C1407FE020A90A2500671FCB /* notTinderTests */ = {
			isa = PBXGroup;
			children = (
				C1407FE120A90A2500671FCB /* notTinderTests.swift */,
				C1407FE320A90A2500671FCB /* Info.plist */,
			);
			path = notTinderTests;
			sourceTree = "<group>";
		};
		C170F82F213A639D0003D825 /* Chat */ = {
			isa = PBXGroup;
			children = (
				C171CBDD2137C450000A0039 /* ChatViewController.swift */,
				C170F82B213A63960003D825 /* ChatTableViewCell.swift */,
				C170F82C213A63960003D825 /* ChatTableViewCell.xib */,
			);
			path = Chat;
			sourceTree = "<group>";
		};
		C170F830213A63A20003D825 /* Play */ = {
			isa = PBXGroup;
			children = (
				C1407FCE20A90A2300671FCB /* PlayViewController.swift */,
			);
			path = Play;
			sourceTree = "<group>";
		};
		C170F831213A63B10003D825 /* Aux */ = {
			isa = PBXGroup;
			children = (
				C1407FCC20A90A2300671FCB /* AppDelegate.swift */,
				C1407FD320A90A2500671FCB /* Assets.xcassets */,
			);
			path = Aux;
			sourceTree = "<group>";
		};
		C170F832213A63D40003D825 /* Structs */ = {
			isa = PBXGroup;
			children = (
				C171CBE12137CE46000A0039 /* Queue.swift */,
				C12AED732137D6B5002AD8CF /* minorStructs.swift */,
			);
			path = Structs;
			sourceTree = "<group>";
		};
		C170F833213A63E80003D825 /* Storyboards */ = {
			isa = PBXGroup;
			children = (
				C1407FD520A90A2500671FCB /* LaunchScreen.storyboard */,
				C1407FD020A90A2300671FCB /* Main.storyboard */,
			);
			path = Storyboards;
			sourceTree = "<group>";
		};
		C170F834213A654B0003D825 /* Constants */ = {
			isa = PBXGroup;
			children = (
				C170F835213A65680003D825 /* cellConstants.swift */,
			);
			path = Constants;
			sourceTree = "<group>";
		};
/* End PBXGroup section */

/* Begin PBXNativeTarget section */
		C1407FC820A90A2300671FCB /* notTinder */ = {
			isa = PBXNativeTarget;
			buildConfigurationList = C1407FE620A90A2500671FCB /* Build configuration list for PBXNativeTarget "notTinder" */;
			buildPhases = (
				C1407FC520A90A2300671FCB /* Sources */,
				C1407FC620A90A2300671FCB /* Frameworks */,
				C1407FC720A90A2300671FCB /* Resources */,
			);
			buildRules = (
			);
			dependencies = (
			);
			name = notTinder;
			productName = notTinder;
			productReference = C1407FC920A90A2300671FCB /* notTinder.app */;
			productType = "com.apple.product-type.application";
		};
		C1407FDC20A90A2500671FCB /* notTinderTests */ = {
			isa = PBXNativeTarget;
			buildConfigurationList = C1407FE920A90A2500671FCB /* Build configuration list for PBXNativeTarget "notTinderTests" */;
			buildPhases = (
				C1407FD920A90A2500671FCB /* Sources */,
				C1407FDA20A90A2500671FCB /* Frameworks */,
				C1407FDB20A90A2500671FCB /* Resources */,
			);
			buildRules = (
			);
			dependencies = (
				C1407FDF20A90A2500671FCB /* PBXTargetDependency */,
			);
			name = notTinderTests;
			productName = notTinderTests;
			productReference = C1407FDD20A90A2500671FCB /* notTinderTests.xctest */;
			productType = "com.apple.product-type.bundle.unit-test";
		};
/* End PBXNativeTarget section */

/* Begin PBXProject section */
		C1407FC120A90A2300671FCB /* Project object */ = {
			isa = PBXProject;
			attributes = {
				LastSwiftUpdateCheck = 0930;
				LastUpgradeCheck = 0930;
				ORGANIZATIONNAME = "Fernando N. Frassia";
				TargetAttributes = {
					C1407FC820A90A2300671FCB = {
						CreatedOnToolsVersion = 9.3.1;
					};
					C1407FDC20A90A2500671FCB = {
						CreatedOnToolsVersion = 9.3.1;
						TestTargetID = C1407FC820A90A2300671FCB;
					};
				};
			};
			buildConfigurationList = C1407FC420A90A2300671FCB /* Build configuration list for PBXProject "notTinder" */;
			compatibilityVersion = "Xcode 9.3";
			developmentRegion = en;
			hasScannedForEncodings = 0;
			knownRegions = (
				en,
				Base,
			);
			mainGroup = C1407FC020A90A2300671FCB;
			productRefGroup = C1407FCA20A90A2300671FCB /* Products */;
			projectDirPath = "";
			projectRoot = "";
			targets = (
				C1407FC820A90A2300671FCB /* notTinder */,
				C1407FDC20A90A2500671FCB /* notTinderTests */,
			);
		};
/* End PBXProject section */

/* Begin PBXResourcesBuildPhase section */
		C1407FC720A90A2300671FCB /* Resources */ = {
			isa = PBXResourcesBuildPhase;
			buildActionMask = 2147483647;
			files = (
				C1407FD720A90A2500671FCB /* LaunchScreen.storyboard in Resources */,
				C170F82E213A63960003D825 /* ChatTableViewCell.xib in Resources */,
				C1407FD420A90A2500671FCB /* Assets.xcassets in Resources */,
				C1407FD220A90A2300671FCB /* Main.storyboard in Resources */,
			);
			runOnlyForDeploymentPostprocessing = 0;
		};
		C1407FDB20A90A2500671FCB /* Resources */ = {
			isa = PBXResourcesBuildPhase;
			buildActionMask = 2147483647;
			files = (
			);
			runOnlyForDeploymentPostprocessing = 0;
		};
/* End PBXResourcesBuildPhase section */

/* Begin PBXSourcesBuildPhase section */
		C1407FC520A90A2300671FCB /* Sources */ = {
			isa = PBXSourcesBuildPhase;
			buildActionMask = 2147483647;
			files = (
				C171CBDE2137C450000A0039 /* ChatViewController.swift in Sources */,
				C1407FCF20A90A2300671FCB /* PlayViewController.swift in Sources */,
				C1407FCD20A90A2300671FCB /* AppDelegate.swift in Sources */,
				C170F82D213A63960003D825 /* ChatTableViewCell.swift in Sources */,
				C12AED742137D6B5002AD8CF /* minorStructs.swift in Sources */,
				C171CBE22137CE46000A0039 /* Queue.swift in Sources */,
				C170F836213A65680003D825 /* cellConstants.swift in Sources */,
			);
			runOnlyForDeploymentPostprocessing = 0;
		};
		C1407FD920A90A2500671FCB /* Sources */ = {
			isa = PBXSourcesBuildPhase;
			buildActionMask = 2147483647;
			files = (
				C1407FE220A90A2500671FCB /* notTinderTests.swift in Sources */,
			);
			runOnlyForDeploymentPostprocessing = 0;
		};
/* End PBXSourcesBuildPhase section */

/* Begin PBXTargetDependency section */
		C1407FDF20A90A2500671FCB /* PBXTargetDependency */ = {
			isa = PBXTargetDependency;
			target = C1407FC820A90A2300671FCB /* notTinder */;
			targetProxy = C1407FDE20A90A2500671FCB /* PBXContainerItemProxy */;
		};
/* End PBXTargetDependency section */

/* Begin PBXVariantGroup section */
		C1407FD020A90A2300671FCB /* Main.storyboard */ = {
			isa = PBXVariantGroup;
			children = (
				C1407FD120A90A2300671FCB /* Base */,
			);
			name = Main.storyboard;
			sourceTree = "<group>";
		};
		C1407FD520A90A2500671FCB /* LaunchScreen.storyboard */ = {
			isa = PBXVariantGroup;
			children = (
				C1407FD620A90A2500671FCB /* Base */,
			);
			name = LaunchScreen.storyboard;
			sourceTree = "<group>";
		};
/* End PBXVariantGroup section */

/* Begin XCBuildConfiguration section */
		C1407FE420A90A2500671FCB /* Debug */ = {
			isa = XCBuildConfiguration;
			buildSettings = {
				ALWAYS_SEARCH_USER_PATHS = NO;
				CLANG_ANALYZER_NONNULL = YES;
				CLANG_ANALYZER_NUMBER_OBJECT_CONVERSION = YES_AGGRESSIVE;
				CLANG_CXX_LANGUAGE_STANDARD = "gnu++14";
				CLANG_CXX_LIBRARY = "libc++";
				CLANG_ENABLE_MODULES = YES;
				CLANG_ENABLE_OBJC_ARC = YES;
				CLANG_ENABLE_OBJC_WEAK = YES;
				CLANG_WARN_BLOCK_CAPTURE_AUTORELEASING = YES;
				CLANG_WARN_BOOL_CONVERSION = YES;
				CLANG_WARN_COMMA = YES;
				CLANG_WARN_CONSTANT_CONVERSION = YES;
				CLANG_WARN_DEPRECATED_OBJC_IMPLEMENTATIONS = YES;
				CLANG_WARN_DIRECT_OBJC_ISA_USAGE = YES_ERROR;
				CLANG_WARN_DOCUMENTATION_COMMENTS = YES;
				CLANG_WARN_EMPTY_BODY = YES;
				CLANG_WARN_ENUM_CONVERSION = YES;
				CLANG_WARN_INFINITE_RECURSION = YES;
				CLANG_WARN_INT_CONVERSION = YES;
				CLANG_WARN_NON_LITERAL_NULL_CONVERSION = YES;
				CLANG_WARN_OBJC_IMPLICIT_RETAIN_SELF = YES;
				CLANG_WARN_OBJC_LITERAL_CONVERSION = YES;
				CLANG_WARN_OBJC_ROOT_CLASS = YES_ERROR;
				CLANG_WARN_RANGE_LOOP_ANALYSIS = YES;
				CLANG_WARN_STRICT_PROTOTYPES = YES;
				CLANG_WARN_SUSPICIOUS_MOVE = YES;
				CLANG_WARN_UNGUARDED_AVAILABILITY = YES_AGGRESSIVE;
				CLANG_WARN_UNREACHABLE_CODE = YES;
				CLANG_WARN__DUPLICATE_METHOD_MATCH = YES;
				CODE_SIGN_IDENTITY = "iPhone Developer";
				COPY_PHASE_STRIP = NO;
				DEBUG_INFORMATION_FORMAT = dwarf;
				ENABLE_STRICT_OBJC_MSGSEND = YES;
				ENABLE_TESTABILITY = YES;
				GCC_C_LANGUAGE_STANDARD = gnu11;
				GCC_DYNAMIC_NO_PIC = NO;
				GCC_NO_COMMON_BLOCKS = YES;
				GCC_OPTIMIZATION_LEVEL = 0;
				GCC_PREPROCESSOR_DEFINITIONS = (
					"DEBUG=1",
					"$(inherited)",
				);
				GCC_WARN_64_TO_32_BIT_CONVERSION = YES;
				GCC_WARN_ABOUT_RETURN_TYPE = YES_ERROR;
				GCC_WARN_UNDECLARED_SELECTOR = YES;
				GCC_WARN_UNINITIALIZED_AUTOS = YES_AGGRESSIVE;
				GCC_WARN_UNUSED_FUNCTION = YES;
				GCC_WARN_UNUSED_VARIABLE = YES;
				IPHONEOS_DEPLOYMENT_TARGET = 11.3;
				MTL_ENABLE_DEBUG_INFO = YES;
				ONLY_ACTIVE_ARCH = YES;
				SDKROOT = iphoneos;
				SWIFT_ACTIVE_COMPILATION_CONDITIONS = DEBUG;
				SWIFT_OPTIMIZATION_LEVEL = "-Onone";
			};
			name = Debug;
		};
		C1407FE520A90A2500671FCB /* Release */ = {
			isa = XCBuildConfiguration;
			buildSettings = {
				ALWAYS_SEARCH_USER_PATHS = NO;
				CLANG_ANALYZER_NONNULL = YES;
				CLANG_ANALYZER_NUMBER_OBJECT_CONVERSION = YES_AGGRESSIVE;
				CLANG_CXX_LANGUAGE_STANDARD = "gnu++14";
				CLANG_CXX_LIBRARY = "libc++";
				CLANG_ENABLE_MODULES = YES;
				CLANG_ENABLE_OBJC_ARC = YES;
				CLANG_ENABLE_OBJC_WEAK = YES;
				CLANG_WARN_BLOCK_CAPTURE_AUTORELEASING = YES;
				CLANG_WARN_BOOL_CONVERSION = YES;
				CLANG_WARN_COMMA = YES;
				CLANG_WARN_CONSTANT_CONVERSION = YES;
				CLANG_WARN_DEPRECATED_OBJC_IMPLEMENTATIONS = YES;
				CLANG_WARN_DIRECT_OBJC_ISA_USAGE = YES_ERROR;
				CLANG_WARN_DOCUMENTATION_COMMENTS = YES;
				CLANG_WARN_EMPTY_BODY = YES;
				CLANG_WARN_ENUM_CONVERSION = YES;
				CLANG_WARN_INFINITE_RECURSION = YES;
				CLANG_WARN_INT_CONVERSION = YES;
				CLANG_WARN_NON_LITERAL_NULL_CONVERSION = YES;
				CLANG_WARN_OBJC_IMPLICIT_RETAIN_SELF = YES;
				CLANG_WARN_OBJC_LITERAL_CONVERSION = YES;
				CLANG_WARN_OBJC_ROOT_CLASS = YES_ERROR;
				CLANG_WARN_RANGE_LOOP_ANALYSIS = YES;
				CLANG_WARN_STRICT_PROTOTYPES = YES;
				CLANG_WARN_SUSPICIOUS_MOVE = YES;
				CLANG_WARN_UNGUARDED_AVAILABILITY = YES_AGGRESSIVE;
				CLANG_WARN_UNREACHABLE_CODE = YES;
				CLANG_WARN__DUPLICATE_METHOD_MATCH = YES;
				CODE_SIGN_IDENTITY = "iPhone Developer";
				COPY_PHASE_STRIP = NO;
				DEBUG_INFORMATION_FORMAT = "dwarf-with-dsym";
				ENABLE_NS_ASSERTIONS = NO;
				ENABLE_STRICT_OBJC_MSGSEND = YES;
				GCC_C_LANGUAGE_STANDARD = gnu11;
				GCC_NO_COMMON_BLOCKS = YES;
				GCC_WARN_64_TO_32_BIT_CONVERSION = YES;
				GCC_WARN_ABOUT_RETURN_TYPE = YES_ERROR;
				GCC_WARN_UNDECLARED_SELECTOR = YES;
				GCC_WARN_UNINITIALIZED_AUTOS = YES_AGGRESSIVE;
				GCC_WARN_UNUSED_FUNCTION = YES;
				GCC_WARN_UNUSED_VARIABLE = YES;
				IPHONEOS_DEPLOYMENT_TARGET = 11.3;
				MTL_ENABLE_DEBUG_INFO = NO;
				SDKROOT = iphoneos;
				SWIFT_COMPILATION_MODE = wholemodule;
				SWIFT_OPTIMIZATION_LEVEL = "-O";
				VALIDATE_PRODUCT = YES;
			};
			name = Release;
		};
		C1407FE720A90A2500671FCB /* Debug */ = {
			isa = XCBuildConfiguration;
			buildSettings = {
				ASSETCATALOG_COMPILER_APPICON_NAME = AppIcon;
				CODE_SIGN_STYLE = Automatic;
				DEVELOPMENT_TEAM = 426MNF8EA3;
				INFOPLIST_FILE = notTinder/Info.plist;
				LD_RUNPATH_SEARCH_PATHS = (
					"$(inherited)",
					"@executable_path/Frameworks",
				);
				PRODUCT_BUNDLE_IDENTIFIER = FerFrassia.notTinder;
				PRODUCT_NAME = "$(TARGET_NAME)";
				SWIFT_VERSION = 4.0;
				TARGETED_DEVICE_FAMILY = "1,2";
			};
			name = Debug;
		};
		C1407FE820A90A2500671FCB /* Release */ = {
			isa = XCBuildConfiguration;
			buildSettings = {
				ASSETCATALOG_COMPILER_APPICON_NAME = AppIcon;
				CODE_SIGN_STYLE = Automatic;
				DEVELOPMENT_TEAM = 426MNF8EA3;
				INFOPLIST_FILE = notTinder/Info.plist;
				LD_RUNPATH_SEARCH_PATHS = (
					"$(inherited)",
					"@executable_path/Frameworks",
				);
				PRODUCT_BUNDLE_IDENTIFIER = FerFrassia.notTinder;
				PRODUCT_NAME = "$(TARGET_NAME)";
				SWIFT_VERSION = 4.0;
				TARGETED_DEVICE_FAMILY = "1,2";
			};
			name = Release;
		};
		C1407FEA20A90A2500671FCB /* Debug */ = {
			isa = XCBuildConfiguration;
			buildSettings = {
				ALWAYS_EMBED_SWIFT_STANDARD_LIBRARIES = YES;
				BUNDLE_LOADER = "$(TEST_HOST)";
				CODE_SIGN_STYLE = Automatic;
				DEVELOPMENT_TEAM = 426MNF8EA3;
				INFOPLIST_FILE = notTinderTests/Info.plist;
				LD_RUNPATH_SEARCH_PATHS = (
					"$(inherited)",
					"@executable_path/Frameworks",
					"@loader_path/Frameworks",
				);
				PRODUCT_BUNDLE_IDENTIFIER = FerFrassia.notTinderTests;
				PRODUCT_NAME = "$(TARGET_NAME)";
				SWIFT_VERSION = 4.0;
				TARGETED_DEVICE_FAMILY = "1,2";
				TEST_HOST = "$(BUILT_PRODUCTS_DIR)/notTinder.app/notTinder";
			};
			name = Debug;
		};
		C1407FEB20A90A2500671FCB /* Release */ = {
			isa = XCBuildConfiguration;
			buildSettings = {
				ALWAYS_EMBED_SWIFT_STANDARD_LIBRARIES = YES;
				BUNDLE_LOADER = "$(TEST_HOST)";
				CODE_SIGN_STYLE = Automatic;
				DEVELOPMENT_TEAM = 426MNF8EA3;
				INFOPLIST_FILE = notTinderTests/Info.plist;
				LD_RUNPATH_SEARCH_PATHS = (
					"$(inherited)",
					"@executable_path/Frameworks",
					"@loader_path/Frameworks",
				);
				PRODUCT_BUNDLE_IDENTIFIER = FerFrassia.notTinderTests;
				PRODUCT_NAME = "$(TARGET_NAME)";
				SWIFT_VERSION = 4.0;
				TARGETED_DEVICE_FAMILY = "1,2";
				TEST_HOST = "$(BUILT_PRODUCTS_DIR)/notTinder.app/notTinder";
			};
			name = Release;
		};
/* End XCBuildConfiguration section */

/* Begin XCConfigurationList section */
		C1407FC420A90A2300671FCB /* Build configuration list for PBXProject "notTinder" */ = {
			isa = XCConfigurationList;
			buildConfigurations = (
				C1407FE420A90A2500671FCB /* Debug */,
				C1407FE520A90A2500671FCB /* Release */,
			);
			defaultConfigurationIsVisible = 0;
			defaultConfigurationName = Release;
		};
		C1407FE620A90A2500671FCB /* Build configuration list for PBXNativeTarget "notTinder" */ = {
			isa = XCConfigurationList;
			buildConfigurations = (
				C1407FE720A90A2500671FCB /* Debug */,
				C1407FE820A90A2500671FCB /* Release */,
			);
			defaultConfigurationIsVisible = 0;
			defaultConfigurationName = Release;
		};
		C1407FE920A90A2500671FCB /* Build configuration list for PBXNativeTarget "notTinderTests" */ = {
			isa = XCConfigurationList;
			buildConfigurations = (
				C1407FEA20A90A2500671FCB /* Debug */,
				C1407FEB20A90A2500671FCB /* Release */,
			);
			defaultConfigurationIsVisible = 0;
			defaultConfigurationName = Release;
		};
/* End XCConfigurationList section */
	};
	rootObject = C1407FC120A90A2300671FCB /* Project object */;
}
