// !$*UTF8*$!
{
	archiveVersion = 1;
	classes = {
	};
	objectVersion = 46;
	objects = {

/* Begin PBXBuildFile section */
		03B591031AEE681C005DD2DE /* main.m in Sources */ = {isa = PBXBuildFile; fileRef = 03B591021AEE681C005DD2DE /* main.m */; };
		03B591061AEE681C005DD2DE /* AppDelegate.m in Sources */ = {isa = PBXBuildFile; fileRef = 03B591051AEE681C005DD2DE /* AppDelegate.m */; };
		03B591091AEE681C005DD2DE /* ViewController.m in Sources */ = {isa = PBXBuildFile; fileRef = 03B591081AEE681C005DD2DE /* ViewController.m */; };
		03B5910C1AEE681C005DD2DE /* Main.storyboard in Resources */ = {isa = PBXBuildFile; fileRef = 03B5910A1AEE681C005DD2DE /* Main.storyboard */; };
		03B5910E1AEE681C005DD2DE /* Images.xcassets in Resources */ = {isa = PBXBuildFile; fileRef = 03B5910D1AEE681C005DD2DE /* Images.xcassets */; };
		03B591111AEE681C005DD2DE /* LaunchScreen.xib in Resources */ = {isa = PBXBuildFile; fileRef = 03B5910F1AEE681C005DD2DE /* LaunchScreen.xib */; };
		03B5911D1AEE681C005DD2DE /* Flappy_BirdTests.m in Sources */ = {isa = PBXBuildFile; fileRef = 03B5911C1AEE681C005DD2DE /* Flappy_BirdTests.m */; };
		03B5912B1AEE6955005DD2DE /* Background.png in Resources */ = {isa = PBXBuildFile; fileRef = 03B591261AEE6955005DD2DE /* Background.png */; };
		03B5912C1AEE6955005DD2DE /* Bird Down.png in Resources */ = {isa = PBXBuildFile; fileRef = 03B591271AEE6955005DD2DE /* Bird Down.png */; };
		03B5912D1AEE6955005DD2DE /* Bird Up.png in Resources */ = {isa = PBXBuildFile; fileRef = 03B591281AEE6955005DD2DE /* Bird Up.png */; };
		03B5912E1AEE6955005DD2DE /* GameBackground.png in Resources */ = {isa = PBXBuildFile; fileRef = 03B591291AEE6955005DD2DE /* GameBackground.png */; };
		03B5912F1AEE6955005DD2DE /* Tunnel.png in Resources */ = {isa = PBXBuildFile; fileRef = 03B5912A1AEE6955005DD2DE /* Tunnel.png */; };
		03BF80691AF488AF00015373 /* GameViewController.m in Sources */ = {isa = PBXBuildFile; fileRef = 03BF80681AF488AF00015373 /* GameViewController.m */; };
/* End PBXBuildFile section */

/* Begin PBXContainerItemProxy section */
		03B591171AEE681C005DD2DE /* PBXContainerItemProxy */ = {
			isa = PBXContainerItemProxy;
			containerPortal = 03B590F51AEE681C005DD2DE /* Project object */;
			proxyType = 1;
			remoteGlobalIDString = 03B590FC1AEE681C005DD2DE;
			remoteInfo = "Flappy Bird";
		};
/* End PBXContainerItemProxy section */

/* Begin PBXFileReference section */
		03B590FD1AEE681C005DD2DE /* Flappy Bird.app */ = {isa = PBXFileReference; explicitFileType = wrapper.application; includeInIndex = 0; path = "Flappy Bird.app"; sourceTree = BUILT_PRODUCTS_DIR; };
		03B591011AEE681C005DD2DE /* Info.plist */ = {isa = PBXFileReference; lastKnownFileType = text.plist.xml; path = Info.plist; sourceTree = "<group>"; };
		03B591021AEE681C005DD2DE /* main.m */ = {isa = PBXFileReference; lastKnownFileType = sourcecode.c.objc; path = main.m; sourceTree = "<group>"; };
		03B591041AEE681C005DD2DE /* AppDelegate.h */ = {isa = PBXFileReference; lastKnownFileType = sourcecode.c.h; path = AppDelegate.h; sourceTree = "<group>"; };
		03B591051AEE681C005DD2DE /* AppDelegate.m */ = {isa = PBXFileReference; lastKnownFileType = sourcecode.c.objc; path = AppDelegate.m; sourceTree = "<group>"; };
		03B591071AEE681C005DD2DE /* ViewController.h */ = {isa = PBXFileReference; lastKnownFileType = sourcecode.c.h; path = ViewController.h; sourceTree = "<group>"; };
		03B591081AEE681C005DD2DE /* ViewController.m */ = {isa = PBXFileReference; lastKnownFileType = sourcecode.c.objc; path = ViewController.m; sourceTree = "<group>"; };
		03B5910B1AEE681C005DD2DE /* Base */ = {isa = PBXFileReference; lastKnownFileType = file.storyboard; name = Base; path = Base.lproj/Main.storyboard; sourceTree = "<group>"; };
		03B5910D1AEE681C005DD2DE /* Images.xcassets */ = {isa = PBXFileReference; lastKnownFileType = folder.assetcatalog; path = Images.xcassets; sourceTree = "<group>"; };
		03B591101AEE681C005DD2DE /* Base */ = {isa = PBXFileReference; lastKnownFileType = file.xib; name = Base; path = Base.lproj/LaunchScreen.xib; sourceTree = "<group>"; };
		03B591161AEE681C005DD2DE /* Flappy BirdTests.xctest */ = {isa = PBXFileReference; explicitFileType = wrapper.cfbundle; includeInIndex = 0; path = "Flappy BirdTests.xctest"; sourceTree = BUILT_PRODUCTS_DIR; };
		03B5911B1AEE681C005DD2DE /* Info.plist */ = {isa = PBXFileReference; lastKnownFileType = text.plist.xml; path = Info.plist; sourceTree = "<group>"; };
		03B5911C1AEE681C005DD2DE /* Flappy_BirdTests.m */ = {isa = PBXFileReference; lastKnownFileType = sourcecode.c.objc; path = Flappy_BirdTests.m; sourceTree = "<group>"; };
		03B591261AEE6955005DD2DE /* Background.png */ = {isa = PBXFileReference; lastKnownFileType = image.png; path = Background.png; sourceTree = "<group>"; };
		03B591271AEE6955005DD2DE /* Bird Down.png */ = {isa = PBXFileReference; lastKnownFileType = image.png; path = "Bird Down.png"; sourceTree = "<group>"; };
		03B591281AEE6955005DD2DE /* Bird Up.png */ = {isa = PBXFileReference; lastKnownFileType = image.png; path = "Bird Up.png"; sourceTree = "<group>"; };
		03B591291AEE6955005DD2DE /* GameBackground.png */ = {isa = PBXFileReference; lastKnownFileType = image.png; path = GameBackground.png; sourceTree = "<group>"; };
		03B5912A1AEE6955005DD2DE /* Tunnel.png */ = {isa = PBXFileReference; lastKnownFileType = image.png; path = Tunnel.png; sourceTree = "<group>"; };
		03BF80671AF488AF00015373 /* GameViewController.h */ = {isa = PBXFileReference; fileEncoding = 4; lastKnownFileType = sourcecode.c.h; name = GameViewController.h; path = ../GameViewController.h; sourceTree = "<group>"; };
		03BF80681AF488AF00015373 /* GameViewController.m */ = {isa = PBXFileReference; fileEncoding = 4; lastKnownFileType = sourcecode.c.objc; name = GameViewController.m; path = ../GameViewController.m; sourceTree = "<group>"; };
/* End PBXFileReference section */

/* Begin PBXFrameworksBuildPhase section */
		03B590FA1AEE681C005DD2DE /* Frameworks */ = {
			isa = PBXFrameworksBuildPhase;
			buildActionMask = 2147483647;
			files = (
			);
			runOnlyForDeploymentPostprocessing = 0;
		};
		03B591131AEE681C005DD2DE /* Frameworks */ = {
			isa = PBXFrameworksBuildPhase;
			buildActionMask = 2147483647;
			files = (
			);
			runOnlyForDeploymentPostprocessing = 0;
		};
/* End PBXFrameworksBuildPhase section */

/* Begin PBXGroup section */
		03B590F41AEE681C005DD2DE = {
			isa = PBXGroup;
			children = (
				03B590FF1AEE681C005DD2DE /* Flappy Bird */,
				03B591191AEE681C005DD2DE /* Flappy BirdTests */,
				03B590FE1AEE681C005DD2DE /* Products */,
			);
			sourceTree = "<group>";
		};
		03B590FE1AEE681C005DD2DE /* Products */ = {
			isa = PBXGroup;
			children = (
				03B590FD1AEE681C005DD2DE /* Flappy Bird.app */,
				03B591161AEE681C005DD2DE /* Flappy BirdTests.xctest */,
			);
			name = Products;
			sourceTree = "<group>";
		};
		03B590FF1AEE681C005DD2DE /* Flappy Bird */ = {
			isa = PBXGroup;
			children = (
				03B591041AEE681C005DD2DE /* AppDelegate.h */,
				03B591051AEE681C005DD2DE /* AppDelegate.m */,
				03B591071AEE681C005DD2DE /* ViewController.h */,
				03B591081AEE681C005DD2DE /* ViewController.m */,
				03BF80671AF488AF00015373 /* GameViewController.h */,
				03BF80681AF488AF00015373 /* GameViewController.m */,
				03B5910A1AEE681C005DD2DE /* Main.storyboard */,
				03B5910D1AEE681C005DD2DE /* Images.xcassets */,
				03B5910F1AEE681C005DD2DE /* LaunchScreen.xib */,
				03B591001AEE681C005DD2DE /* Supporting Files */,
			);
			path = "Flappy Bird";
			sourceTree = "<group>";
		};
		03B591001AEE681C005DD2DE /* Supporting Files */ = {
			isa = PBXGroup;
			children = (
				03B591261AEE6955005DD2DE /* Background.png */,
				03B591271AEE6955005DD2DE /* Bird Down.png */,
				03B591281AEE6955005DD2DE /* Bird Up.png */,
				03B591291AEE6955005DD2DE /* GameBackground.png */,
				03B5912A1AEE6955005DD2DE /* Tunnel.png */,
				03B591011AEE681C005DD2DE /* Info.plist */,
				03B591021AEE681C005DD2DE /* main.m */,
			);
			name = "Supporting Files";
			sourceTree = "<group>";
		};
		03B591191AEE681C005DD2DE /* Flappy BirdTests */ = {
			isa = PBXGroup;
			children = (
				03B5911C1AEE681C005DD2DE /* Flappy_BirdTests.m */,
				03B5911A1AEE681C005DD2DE /* Supporting Files */,
			);
			path = "Flappy BirdTests";
			sourceTree = "<group>";
		};
		03B5911A1AEE681C005DD2DE /* Supporting Files */ = {
			isa = PBXGroup;
			children = (
				03B5911B1AEE681C005DD2DE /* Info.plist */,
			);
			name = "Supporting Files";
			sourceTree = "<group>";
		};
/* End PBXGroup section */

/* Begin PBXNativeTarget section */
		03B590FC1AEE681C005DD2DE /* Flappy Bird */ = {
			isa = PBXNativeTarget;
			buildConfigurationList = 03B591201AEE681C005DD2DE /* Build configuration list for PBXNativeTarget "Flappy Bird" */;
			buildPhases = (
				03B590F91AEE681C005DD2DE /* Sources */,
				03B590FA1AEE681C005DD2DE /* Frameworks */,
				03B590FB1AEE681C005DD2DE /* Resources */,
			);
			buildRules = (
			);
			dependencies = (
			);
			name = "Flappy Bird";
			productName = "Flappy Bird";
			productReference = 03B590FD1AEE681C005DD2DE /* Flappy Bird.app */;
			productType = "com.apple.product-type.application";
		};
		03B591151AEE681C005DD2DE /* Flappy BirdTests */ = {
			isa = PBXNativeTarget;
			buildConfigurationList = 03B591231AEE681C005DD2DE /* Build configuration list for PBXNativeTarget "Flappy BirdTests" */;
			buildPhases = (
				03B591121AEE681C005DD2DE /* Sources */,
				03B591131AEE681C005DD2DE /* Frameworks */,
				03B591141AEE681C005DD2DE /* Resources */,
			);
			buildRules = (
			);
			dependencies = (
				03B591181AEE681C005DD2DE /* PBXTargetDependency */,
			);
			name = "Flappy BirdTests";
			productName = "Flappy BirdTests";
			productReference = 03B591161AEE681C005DD2DE /* Flappy BirdTests.xctest */;
			productType = "com.apple.product-type.bundle.unit-test";
		};
/* End PBXNativeTarget section */

/* Begin PBXProject section */
		03B590F51AEE681C005DD2DE /* Project object */ = {
			isa = PBXProject;
			attributes = {
				LastUpgradeCheck = 0630;
				ORGANIZATIONNAME = FerFrassia;
				TargetAttributes = {
					03B590FC1AEE681C005DD2DE = {
						CreatedOnToolsVersion = 6.3.1;
					};
					03B591151AEE681C005DD2DE = {
						CreatedOnToolsVersion = 6.3.1;
						TestTargetID = 03B590FC1AEE681C005DD2DE;
					};
				};
			};
			buildConfigurationList = 03B590F81AEE681C005DD2DE /* Build configuration list for PBXProject "Flappy Bird" */;
			compatibilityVersion = "Xcode 3.2";
			developmentRegion = English;
			hasScannedForEncodings = 0;
			knownRegions = (
				en,
				Base,
			);
			mainGroup = 03B590F41AEE681C005DD2DE;
			productRefGroup = 03B590FE1AEE681C005DD2DE /* Products */;
			projectDirPath = "";
			projectRoot = "";
			targets = (
				03B590FC1AEE681C005DD2DE /* Flappy Bird */,
				03B591151AEE681C005DD2DE /* Flappy BirdTests */,
			);
		};
/* End PBXProject section */

/* Begin PBXResourcesBuildPhase section */
		03B590FB1AEE681C005DD2DE /* Resources */ = {
			isa = PBXResourcesBuildPhase;
			buildActionMask = 2147483647;
			files = (
				03B5912C1AEE6955005DD2DE /* Bird Down.png in Resources */,
				03B5910C1AEE681C005DD2DE /* Main.storyboard in Resources */,
				03B5912E1AEE6955005DD2DE /* GameBackground.png in Resources */,
				03B5912F1AEE6955005DD2DE /* Tunnel.png in Resources */,
				03B5912B1AEE6955005DD2DE /* Background.png in Resources */,
				03B591111AEE681C005DD2DE /* LaunchScreen.xib in Resources */,
				03B5912D1AEE6955005DD2DE /* Bird Up.png in Resources */,
				03B5910E1AEE681C005DD2DE /* Images.xcassets in Resources */,
			);
			runOnlyForDeploymentPostprocessing = 0;
		};
		03B591141AEE681C005DD2DE /* Resources */ = {
			isa = PBXResourcesBuildPhase;
			buildActionMask = 2147483647;
			files = (
			);
			runOnlyForDeploymentPostprocessing = 0;
		};
/* End PBXResourcesBuildPhase section */

/* Begin PBXSourcesBuildPhase section */
		03B590F91AEE681C005DD2DE /* Sources */ = {
			isa = PBXSourcesBuildPhase;
			buildActionMask = 2147483647;
			files = (
				03BF80691AF488AF00015373 /* GameViewController.m in Sources */,
				03B591091AEE681C005DD2DE /* ViewController.m in Sources */,
				03B591061AEE681C005DD2DE /* AppDelegate.m in Sources */,
				03B591031AEE681C005DD2DE /* main.m in Sources */,
			);
			runOnlyForDeploymentPostprocessing = 0;
		};
		03B591121AEE681C005DD2DE /* Sources */ = {
			isa = PBXSourcesBuildPhase;
			buildActionMask = 2147483647;
			files = (
				03B5911D1AEE681C005DD2DE /* Flappy_BirdTests.m in Sources */,
			);
			runOnlyForDeploymentPostprocessing = 0;
		};
/* End PBXSourcesBuildPhase section */

/* Begin PBXTargetDependency section */
		03B591181AEE681C005DD2DE /* PBXTargetDependency */ = {
			isa = PBXTargetDependency;
			target = 03B590FC1AEE681C005DD2DE /* Flappy Bird */;
			targetProxy = 03B591171AEE681C005DD2DE /* PBXContainerItemProxy */;
		};
/* End PBXTargetDependency section */

/* Begin PBXVariantGroup section */
		03B5910A1AEE681C005DD2DE /* Main.storyboard */ = {
			isa = PBXVariantGroup;
			children = (
				03B5910B1AEE681C005DD2DE /* Base */,
			);
			name = Main.storyboard;
			sourceTree = "<group>";
		};
		03B5910F1AEE681C005DD2DE /* LaunchScreen.xib */ = {
			isa = PBXVariantGroup;
			children = (
				03B591101AEE681C005DD2DE /* Base */,
			);
			name = LaunchScreen.xib;
			sourceTree = "<group>";
		};
/* End PBXVariantGroup section */

/* Begin XCBuildConfiguration section */
		03B5911E1AEE681C005DD2DE /* Debug */ = {
			isa = XCBuildConfiguration;
			buildSettings = {
				ALWAYS_SEARCH_USER_PATHS = NO;
				CLANG_CXX_LANGUAGE_STANDARD = "gnu++0x";
				CLANG_CXX_LIBRARY = "libc++";
				CLANG_ENABLE_MODULES = YES;
				CLANG_ENABLE_OBJC_ARC = YES;
				CLANG_WARN_BOOL_CONVERSION = YES;
				CLANG_WARN_CONSTANT_CONVERSION = YES;
				CLANG_WARN_DIRECT_OBJC_ISA_USAGE = YES_ERROR;
				CLANG_WARN_EMPTY_BODY = YES;
				CLANG_WARN_ENUM_CONVERSION = YES;
				CLANG_WARN_INT_CONVERSION = YES;
				CLANG_WARN_OBJC_ROOT_CLASS = YES_ERROR;
				CLANG_WARN_UNREACHABLE_CODE = YES;
				CLANG_WARN__DUPLICATE_METHOD_MATCH = YES;
				"CODE_SIGN_IDENTITY[sdk=iphoneos*]" = "iPhone Developer";
				COPY_PHASE_STRIP = NO;
				DEBUG_INFORMATION_FORMAT = "dwarf-with-dsym";
				ENABLE_STRICT_OBJC_MSGSEND = YES;
				GCC_C_LANGUAGE_STANDARD = gnu99;
				GCC_DYNAMIC_NO_PIC = NO;
				GCC_NO_COMMON_BLOCKS = YES;
				GCC_OPTIMIZATION_LEVEL = 0;
				GCC_PREPROCESSOR_DEFINITIONS = (
					"DEBUG=1",
					"$(inherited)",
				);
				GCC_SYMBOLS_PRIVATE_EXTERN = NO;
				GCC_WARN_64_TO_32_BIT_CONVERSION = YES;
				GCC_WARN_ABOUT_RETURN_TYPE = YES_ERROR;
				GCC_WARN_UNDECLARED_SELECTOR = YES;
				GCC_WARN_UNINITIALIZED_AUTOS = YES_AGGRESSIVE;
				GCC_WARN_UNUSED_FUNCTION = YES;
				GCC_WARN_UNUSED_VARIABLE = YES;
				IPHONEOS_DEPLOYMENT_TARGET = 8.3;
				MTL_ENABLE_DEBUG_INFO = YES;
				ONLY_ACTIVE_ARCH = YES;
				SDKROOT = iphoneos;
			};
			name = Debug;
		};
		03B5911F1AEE681C005DD2DE /* Release */ = {
			isa = XCBuildConfiguration;
			buildSettings = {
				ALWAYS_SEARCH_USER_PATHS = NO;
				CLANG_CXX_LANGUAGE_STANDARD = "gnu++0x";
				CLANG_CXX_LIBRARY = "libc++";
				CLANG_ENABLE_MODULES = YES;
				CLANG_ENABLE_OBJC_ARC = YES;
				CLANG_WARN_BOOL_CONVERSION = YES;
				CLANG_WARN_CONSTANT_CONVERSION = YES;
				CLANG_WARN_DIRECT_OBJC_ISA_USAGE = YES_ERROR;
				CLANG_WARN_EMPTY_BODY = YES;
				CLANG_WARN_ENUM_CONVERSION = YES;
				CLANG_WARN_INT_CONVERSION = YES;
				CLANG_WARN_OBJC_ROOT_CLASS = YES_ERROR;
				CLANG_WARN_UNREACHABLE_CODE = YES;
				CLANG_WARN__DUPLICATE_METHOD_MATCH = YES;
				"CODE_SIGN_IDENTITY[sdk=iphoneos*]" = "iPhone Developer";
				COPY_PHASE_STRIP = NO;
				DEBUG_INFORMATION_FORMAT = "dwarf-with-dsym";
				ENABLE_NS_ASSERTIONS = NO;
				ENABLE_STRICT_OBJC_MSGSEND = YES;
				GCC_C_LANGUAGE_STANDARD = gnu99;
				GCC_NO_COMMON_BLOCKS = YES;
				GCC_WARN_64_TO_32_BIT_CONVERSION = YES;
				GCC_WARN_ABOUT_RETURN_TYPE = YES_ERROR;
				GCC_WARN_UNDECLARED_SELECTOR = YES;
				GCC_WARN_UNINITIALIZED_AUTOS = YES_AGGRESSIVE;
				GCC_WARN_UNUSED_FUNCTION = YES;
				GCC_WARN_UNUSED_VARIABLE = YES;
				IPHONEOS_DEPLOYMENT_TARGET = 8.3;
				MTL_ENABLE_DEBUG_INFO = NO;
				SDKROOT = iphoneos;
				VALIDATE_PRODUCT = YES;
			};
			name = Release;
		};
		03B591211AEE681C005DD2DE /* Debug */ = {
			isa = XCBuildConfiguration;
			buildSettings = {
				ASSETCATALOG_COMPILER_APPICON_NAME = AppIcon;
				INFOPLIST_FILE = "Flappy Bird/Info.plist";
				LD_RUNPATH_SEARCH_PATHS = "$(inherited) @executable_path/Frameworks";
				PRODUCT_NAME = "$(TARGET_NAME)";
			};
			name = Debug;
		};
		03B591221AEE681C005DD2DE /* Release */ = {
			isa = XCBuildConfiguration;
			buildSettings = {
				ASSETCATALOG_COMPILER_APPICON_NAME = AppIcon;
				INFOPLIST_FILE = "Flappy Bird/Info.plist";
				LD_RUNPATH_SEARCH_PATHS = "$(inherited) @executable_path/Frameworks";
				PRODUCT_NAME = "$(TARGET_NAME)";
			};
			name = Release;
		};
		03B591241AEE681C005DD2DE /* Debug */ = {
			isa = XCBuildConfiguration;
			buildSettings = {
				BUNDLE_LOADER = "$(TEST_HOST)";
				FRAMEWORK_SEARCH_PATHS = (
					"$(SDKROOT)/Developer/Library/Frameworks",
					"$(inherited)",
				);
				GCC_PREPROCESSOR_DEFINITIONS = (
					"DEBUG=1",
					"$(inherited)",
				);
				INFOPLIST_FILE = "Flappy BirdTests/Info.plist";
				LD_RUNPATH_SEARCH_PATHS = "$(inherited) @executable_path/Frameworks @loader_path/Frameworks";
				PRODUCT_NAME = "$(TARGET_NAME)";
				TEST_HOST = "$(BUILT_PRODUCTS_DIR)/Flappy Bird.app/Flappy Bird";
			};
			name = Debug;
		};
		03B591251AEE681C005DD2DE /* Release */ = {
			isa = XCBuildConfiguration;
			buildSettings = {
				BUNDLE_LOADER = "$(TEST_HOST)";
				FRAMEWORK_SEARCH_PATHS = (
					"$(SDKROOT)/Developer/Library/Frameworks",
					"$(inherited)",
				);
				INFOPLIST_FILE = "Flappy BirdTests/Info.plist";
				LD_RUNPATH_SEARCH_PATHS = "$(inherited) @executable_path/Frameworks @loader_path/Frameworks";
				PRODUCT_NAME = "$(TARGET_NAME)";
				TEST_HOST = "$(BUILT_PRODUCTS_DIR)/Flappy Bird.app/Flappy Bird";
			};
			name = Release;
		};
/* End XCBuildConfiguration section */

/* Begin XCConfigurationList section */
		03B590F81AEE681C005DD2DE /* Build configuration list for PBXProject "Flappy Bird" */ = {
			isa = XCConfigurationList;
			buildConfigurations = (
				03B5911E1AEE681C005DD2DE /* Debug */,
				03B5911F1AEE681C005DD2DE /* Release */,
			);
			defaultConfigurationIsVisible = 0;
			defaultConfigurationName = Release;
		};
		03B591201AEE681C005DD2DE /* Build configuration list for PBXNativeTarget "Flappy Bird" */ = {
			isa = XCConfigurationList;
			buildConfigurations = (
				03B591211AEE681C005DD2DE /* Debug */,
				03B591221AEE681C005DD2DE /* Release */,
			);
			defaultConfigurationIsVisible = 0;
			defaultConfigurationName = Release;
		};
		03B591231AEE681C005DD2DE /* Build configuration list for PBXNativeTarget "Flappy BirdTests" */ = {
			isa = XCConfigurationList;
			buildConfigurations = (
				03B591241AEE681C005DD2DE /* Debug */,
				03B591251AEE681C005DD2DE /* Release */,
			);
			defaultConfigurationIsVisible = 0;
			defaultConfigurationName = Release;
		};
/* End XCConfigurationList section */
	};
	rootObject = 03B590F51AEE681C005DD2DE /* Project object */;
}
